// !$*UTF8*$!
{
	archiveVersion = 1;
	classes = {
	};
	objectVersion = 50;
	objects = {

/* Begin PBXBuildFile section */
		08BC0AD021655C3D003E44BE /* AppDelegate.m in Sources */ = {isa = PBXBuildFile; fileRef = 08BC0ACF21655C3D003E44BE /* AppDelegate.m */; };
		08BC0AD321655C3D003E44BE /* ViewController.m in Sources */ = {isa = PBXBuildFile; fileRef = 08BC0AD221655C3D003E44BE /* ViewController.m */; };
		08BC0AD621655C3D003E44BE /* Main.storyboard in Resources */ = {isa = PBXBuildFile; fileRef = 08BC0AD421655C3D003E44BE /* Main.storyboard */; };
		08BC0AD821655C3E003E44BE /* Assets.xcassets in Resources */ = {isa = PBXBuildFile; fileRef = 08BC0AD721655C3E003E44BE /* Assets.xcassets */; };
		08BC0ADB21655C3E003E44BE /* LaunchScreen.storyboard in Resources */ = {isa = PBXBuildFile; fileRef = 08BC0AD921655C3E003E44BE /* LaunchScreen.storyboard */; };
		08BC0ADE21655C3E003E44BE /* main.m in Sources */ = {isa = PBXBuildFile; fileRef = 08BC0ADD21655C3E003E44BE /* main.m */; };
		08BC0AE621655C4F003E44BE /* CoreMotion.framework in Frameworks */ = {isa = PBXBuildFile; fileRef = 08BC0AE521655C4F003E44BE /* CoreMotion.framework */; };
		08BC0AEA21655F59003E44BE /* Square image.jpg in Resources */ = {isa = PBXBuildFile; fileRef = 08BC0AE921655F58003E44BE /* Square image.jpg */; };
/* End PBXBuildFile section */

/* Begin PBXFileReference section */
		08BC0ACB21655C3D003E44BE /* AccelerometerDemo.app */ = {isa = PBXFileReference; explicitFileType = wrapper.application; includeInIndex = 0; path = AccelerometerDemo.app; sourceTree = BUILT_PRODUCTS_DIR; };
		08BC0ACE21655C3D003E44BE /* AppDelegate.h */ = {isa = PBXFileReference; lastKnownFileType = sourcecode.c.h; path = AppDelegate.h; sourceTree = "<group>"; };
		08BC0ACF21655C3D003E44BE /* AppDelegate.m */ = {isa = PBXFileReference; lastKnownFileType = sourcecode.c.objc; path = AppDelegate.m; sourceTree = "<group>"; };
		08BC0AD121655C3D003E44BE /* ViewController.h */ = {isa = PBXFileReference; lastKnownFileType = sourcecode.c.h; path = ViewController.h; sourceTree = "<group>"; };
		08BC0AD221655C3D003E44BE /* ViewController.m */ = {isa = PBXFileReference; lastKnownFileType = sourcecode.c.objc; path = ViewController.m; sourceTree = "<group>"; };
		08BC0AD521655C3D003E44BE /* Base */ = {isa = PBXFileReference; lastKnownFileType = file.storyboard; name = Base; path = Base.lproj/Main.storyboard; sourceTree = "<group>"; };
		08BC0AD721655C3E003E44BE /* Assets.xcassets */ = {isa = PBXFileReference; lastKnownFileType = folder.assetcatalog; path = Assets.xcassets; sourceTree = "<group>"; };
		08BC0ADA21655C3E003E44BE /* Base */ = {isa = PBXFileReference; lastKnownFileType = file.storyboard; name = Base; path = Base.lproj/LaunchScreen.storyboard; sourceTree = "<group>"; };
		08BC0ADC21655C3E003E44BE /* Info.plist */ = {isa = PBXFileReference; lastKnownFileType = text.plist.xml; path = Info.plist; sourceTree = "<group>"; };
		08BC0ADD21655C3E003E44BE /* main.m */ = {isa = PBXFileReference; lastKnownFileType = sourcecode.c.objc; path = main.m; sourceTree = "<group>"; };
		08BC0AE521655C4F003E44BE /* CoreMotion.framework */ = {isa = PBXFileReference; lastKnownFileType = wrapper.framework; name = CoreMotion.framework; path = System/Library/Frameworks/CoreMotion.framework; sourceTree = SDKROOT; };
		08BC0AE921655F58003E44BE /* Square image.jpg */ = {isa = PBXFileReference; lastKnownFileType = image.jpeg; path = "Square image.jpg"; sourceTree = "<group>"; };
/* End PBXFileReference section */

/* Begin PBXFrameworksBuildPhase section */
		08BC0AC821655C3D003E44BE /* Frameworks */ = {
			isa = PBXFrameworksBuildPhase;
			buildActionMask = 2147483647;
			files = (
				08BC0AE621655C4F003E44BE /* CoreMotion.framework in Frameworks */,
			);
			runOnlyForDeploymentPostprocessing = 0;
		};
/* End PBXFrameworksBuildPhase section */

/* Begin PBXGroup section */
		08BC0AC221655C3D003E44BE = {
			isa = PBXGroup;
			children = (
				08BC0ACD21655C3D003E44BE /* AccelerometerDemo */,
				08BC0ACC21655C3D003E44BE /* Products */,
				08BC0AE421655C4E003E44BE /* Frameworks */,
			);
			sourceTree = "<group>";
		};
		08BC0ACC21655C3D003E44BE /* Products */ = {
			isa = PBXGroup;
			children = (
				08BC0ACB21655C3D003E44BE /* AccelerometerDemo.app */,
			);
			name = Products;
			sourceTree = "<group>";
		};
		08BC0ACD21655C3D003E44BE /* AccelerometerDemo */ = {
			isa = PBXGroup;
			children = (
				08BC0ACE21655C3D003E44BE /* AppDelegate.h */,
				08BC0ACF21655C3D003E44BE /* AppDelegate.m */,
				08BC0AD121655C3D003E44BE /* ViewController.h */,
				08BC0AD221655C3D003E44BE /* ViewController.m */,
				08BC0AD421655C3D003E44BE /* Main.storyboard */,
				08BC0AD721655C3E003E44BE /* Assets.xcassets */,
				08BC0AD921655C3E003E44BE /* LaunchScreen.storyboard */,
				08BC0ADC21655C3E003E44BE /* Info.plist */,
				08BC0ADD21655C3E003E44BE /* main.m */,
				08BC0AE921655F58003E44BE /* Square image.jpg */,
			);
			path = AccelerometerDemo;
			sourceTree = "<group>";
		};
		08BC0AE421655C4E003E44BE /* Frameworks */ = {
			isa = PBXGroup;
			children = (
				08BC0AE521655C4F003E44BE /* CoreMotion.framework */,
			);
			name = Frameworks;
			sourceTree = "<group>";
		};
/* End PBXGroup section */

/* Begin PBXNativeTarget section */
		08BC0ACA21655C3D003E44BE /* AccelerometerDemo */ = {
			isa = PBXNativeTarget;
			buildConfigurationList = 08BC0AE121655C3E003E44BE /* Build configuration list for PBXNativeTarget "AccelerometerDemo" */;
			buildPhases = (
				08BC0AC721655C3D003E44BE /* Sources */,
				08BC0AC821655C3D003E44BE /* Frameworks */,
				08BC0AC921655C3D003E44BE /* Resources */,
			);
			buildRules = (
			);
			dependencies = (
			);
			name = AccelerometerDemo;
			productName = AccelerometerDemo;
			productReference = 08BC0ACB21655C3D003E44BE /* AccelerometerDemo.app */;
			productType = "com.apple.product-type.application";
		};
/* End PBXNativeTarget section */

/* Begin PBXProject section */
		08BC0AC321655C3D003E44BE /* Project object */ = {
			isa = PBXProject;
			attributes = {
				LastUpgradeCheck = 0940;
				ORGANIZATIONNAME = "Mircea Popescu";
				TargetAttributes = {
					08BC0ACA21655C3D003E44BE = {
						CreatedOnToolsVersion = 9.4.1;
					};
				};
			};
			buildConfigurationList = 08BC0AC621655C3D003E44BE /* Build configuration list for PBXProject "AccelerometerDemo" */;
			compatibilityVersion = "Xcode 9.3";
			developmentRegion = en;
			hasScannedForEncodings = 0;
			knownRegions = (
				en,
				Base,
			);
			mainGroup = 08BC0AC221655C3D003E44BE;
			productRefGroup = 08BC0ACC21655C3D003E44BE /* Products */;
			projectDirPath = "";
			projectRoot = "";
			targets = (
				08BC0ACA21655C3D003E44BE /* AccelerometerDemo */,
			);
		};
/* End PBXProject section */

/* Begin PBXResourcesBuildPhase section */
		08BC0AC921655C3D003E44BE /* Resources */ = {
			isa = PBXResourcesBuildPhase;
			buildActionMask = 2147483647;
			files = (
				08BC0ADB21655C3E003E44BE /* LaunchScreen.storyboard in Resources */,
				08BC0AEA21655F59003E44BE /* Square image.jpg in Resources */,
				08BC0AD821655C3E003E44BE /* Assets.xcassets in Resources */,
				08BC0AD621655C3D003E44BE /* Main.storyboard in Resources */,
			);
			runOnlyForDeploymentPostprocessing = 0;
		};
/* End PBXResourcesBuildPhase section */

/* Begin PBXSourcesBuildPhase section */
		08BC0AC721655C3D003E44BE /* Sources */ = {
			isa = PBXSourcesBuildPhase;
			buildActionMask = 2147483647;
			files = (
				08BC0AD321655C3D003E44BE /* ViewController.m in Sources */,
				08BC0ADE21655C3E003E44BE /* main.m in Sources */,
				08BC0AD021655C3D003E44BE /* AppDelegate.m in Sources */,
			);
			runOnlyForDeploymentPostprocessing = 0;
		};
/* End PBXSourcesBuildPhase section */

/* Begin PBXVariantGroup section */
		08BC0AD421655C3D003E44BE /* Main.storyboard */ = {
			isa = PBXVariantGroup;
			children = (
				08BC0AD521655C3D003E44BE /* Base */,
			);
			name = Main.storyboard;
			sourceTree = "<group>";
		};
		08BC0AD921655C3E003E44BE /* LaunchScreen.storyboard */ = {
			isa = PBXVariantGroup;
			children = (
				08BC0ADA21655C3E003E44BE /* Base */,
			);
			name = LaunchScreen.storyboard;
			sourceTree = "<group>";
		};
/* End PBXVariantGroup section */

/* Begin XCBuildConfiguration section */
		08BC0ADF21655C3E003E44BE /* Debug */ = {
			isa = XCBuildConfiguration;
			buildSettings = {
				ALWAYS_SEARCH_USER_PATHS = NO;
				CLANG_ANALYZER_NONNULL = YES;
				CLANG_ANALYZER_NUMBER_OBJECT_CONVERSION = YES_AGGRESSIVE;
				CLANG_CXX_LANGUAGE_STANDARD = "gnu++14";
				CLANG_CXX_LIBRARY = "libc++";
				CLANG_ENABLE_MODULES = YES;
				CLANG_ENABLE_OBJC_ARC = YES;
				CLANG_ENABLE_OBJC_WEAK = YES;
				CLANG_WARN_BLOCK_CAPTURE_AUTORELEASING = YES;
				CLANG_WARN_BOOL_CONVERSION = YES;
				CLANG_WARN_COMMA = YES;
				CLANG_WARN_CONSTANT_CONVERSION = YES;
				CLANG_WARN_DEPRECATED_OBJC_IMPLEMENTATIONS = YES;
				CLANG_WARN_DIRECT_OBJC_ISA_USAGE = YES_ERROR;
				CLANG_WARN_DOCUMENTATION_COMMENTS = YES;
				CLANG_WARN_EMPTY_BODY = YES;
				CLANG_WARN_ENUM_CONVERSION = YES;
				CLANG_WARN_INFINITE_RECURSION = YES;
				CLANG_WARN_INT_CONVERSION = YES;
				CLANG_WARN_NON_LITERAL_NULL_CONVERSION = YES;
				CLANG_WARN_OBJC_IMPLICIT_RETAIN_SELF = YES;
				CLANG_WARN_OBJC_LITERAL_CONVERSION = YES;
				CLANG_WARN_OBJC_ROOT_CLASS = YES_ERROR;
				CLANG_WARN_RANGE_LOOP_ANALYSIS = YES;
				CLANG_WARN_STRICT_PROTOTYPES = YES;
				CLANG_WARN_SUSPICIOUS_MOVE = YES;
				CLANG_WARN_UNGUARDED_AVAILABILITY = YES_AGGRESSIVE;
				CLANG_WARN_UNREACHABLE_CODE = YES;
				CLANG_WARN__DUPLICATE_METHOD_MATCH = YES;
				CODE_SIGN_IDENTITY = "iPhone Developer";
				COPY_PHASE_STRIP = NO;
				DEBUG_INFORMATION_FORMAT = dwarf;
				ENABLE_STRICT_OBJC_MSGSEND = YES;
				ENABLE_TESTABILITY = YES;
				GCC_C_LANGUAGE_STANDARD = gnu11;
				GCC_DYNAMIC_NO_PIC = NO;
				GCC_NO_COMMON_BLOCKS = YES;
				GCC_OPTIMIZATION_LEVEL = 0;
				GCC_PREPROCESSOR_DEFINITIONS = (
					"DEBUG=1",
					"$(inherited)",
				);
				GCC_WARN_64_TO_32_BIT_CONVERSION = YES;
				GCC_WARN_ABOUT_RETURN_TYPE = YES_ERROR;
				GCC_WARN_UNDECLARED_SELECTOR = YES;
				GCC_WARN_UNINITIALIZED_AUTOS = YES_AGGRESSIVE;
				GCC_WARN_UNUSED_FUNCTION = YES;
				GCC_WARN_UNUSED_VARIABLE = YES;
				IPHONEOS_DEPLOYMENT_TARGET = 11.4;
				MTL_ENABLE_DEBUG_INFO = YES;
				ONLY_ACTIVE_ARCH = YES;
				SDKROOT = iphoneos;
			};
			name = Debug;
		};
		08BC0AE021655C3E003E44BE /* Release */ = {
			isa = XCBuildConfiguration;
			buildSettings = {
				ALWAYS_SEARCH_USER_PATHS = NO;
				CLANG_ANALYZER_NONNULL = YES;
				CLANG_ANALYZER_NUMBER_OBJECT_CONVERSION = YES_AGGRESSIVE;
				CLANG_CXX_LANGUAGE_STANDARD = "gnu++14";
				CLANG_CXX_LIBRARY = "libc++";
				CLANG_ENABLE_MODULES = YES;
				CLANG_ENABLE_OBJC_ARC = YES;
				CLANG_ENABLE_OBJC_WEAK = YES;
				CLANG_WARN_BLOCK_CAPTURE_AUTORELEASING = YES;
				CLANG_WARN_BOOL_CONVERSION = YES;
				CLANG_WARN_COMMA = YES;
				CLANG_WARN_CONSTANT_CONVERSION = YES;
				CLANG_WARN_DEPRECATED_OBJC_IMPLEMENTATIONS = YES;
				CLANG_WARN_DIRECT_OBJC_ISA_USAGE = YES_ERROR;
				CLANG_WARN_DOCUMENTATION_COMMENTS = YES;
				CLANG_WARN_EMPTY_BODY = YES;
				CLANG_WARN_ENUM_CONVERSION = YES;
				CLANG_WARN_INFINITE_RECURSION = YES;
				CLANG_WARN_INT_CONVERSION = YES;
				CLANG_WARN_NON_LITERAL_NULL_CONVERSION = YES;
				CLANG_WARN_OBJC_IMPLICIT_RETAIN_SELF = YES;
				CLANG_WARN_OBJC_LITERAL_CONVERSION = YES;
				CLANG_WARN_OBJC_ROOT_CLASS = YES_ERROR;
				CLANG_WARN_RANGE_LOOP_ANALYSIS = YES;
				CLANG_WARN_STRICT_PROTOTYPES = YES;
				CLANG_WARN_SUSPICIOUS_MOVE = YES;
				CLANG_WARN_UNGUARDED_AVAILABILITY = YES_AGGRESSIVE;
				CLANG_WARN_UNREACHABLE_CODE = YES;
				CLANG_WARN__DUPLICATE_METHOD_MATCH = YES;
				CODE_SIGN_IDENTITY = "iPhone Developer";
				COPY_PHASE_STRIP = NO;
				DEBUG_INFORMATION_FORMAT = "dwarf-with-dsym";
				ENABLE_NS_ASSERTIONS = NO;
				ENABLE_STRICT_OBJC_MSGSEND = YES;
				GCC_C_LANGUAGE_STANDARD = gnu11;
				GCC_NO_COMMON_BLOCKS = YES;
				GCC_WARN_64_TO_32_BIT_CONVERSION = YES;
				GCC_WARN_ABOUT_RETURN_TYPE = YES_ERROR;
				GCC_WARN_UNDECLARED_SELECTOR = YES;
				GCC_WARN_UNINITIALIZED_AUTOS = YES_AGGRESSIVE;
				GCC_WARN_UNUSED_FUNCTION = YES;
				GCC_WARN_UNUSED_VARIABLE = YES;
				IPHONEOS_DEPLOYMENT_TARGET = 11.4;
				MTL_ENABLE_DEBUG_INFO = NO;
				SDKROOT = iphoneos;
				VALIDATE_PRODUCT = YES;
			};
			name = Release;
		};
		08BC0AE221655C3E003E44BE /* Debug */ = {
			isa = XCBuildConfiguration;
			buildSettings = {
				ASSETCATALOG_COMPILER_APPICON_NAME = AppIcon;
				CODE_SIGN_STYLE = Automatic;
				DEVELOPMENT_TEAM = N264L7YLRX;
				INFOPLIST_FILE = AccelerometerDemo/Info.plist;
				LD_RUNPATH_SEARCH_PATHS = (
					"$(inherited)",
					"@executable_path/Frameworks",
				);
				PRODUCT_BUNDLE_IDENTIFIER = MP.AccelerometerDemo;
				PRODUCT_NAME = "$(TARGET_NAME)";
				TARGETED_DEVICE_FAMILY = "1,2";
			};
			name = Debug;
		};
		08BC0AE321655C3E003E44BE /* Release */ = {
			isa = XCBuildConfiguration;
			buildSettings = {
				ASSETCATALOG_COMPILER_APPICON_NAME = AppIcon;
				CODE_SIGN_STYLE = Automatic;
				DEVELOPMENT_TEAM = N264L7YLRX;
				INFOPLIST_FILE = AccelerometerDemo/Info.plist;
				LD_RUNPATH_SEARCH_PATHS = (
					"$(inherited)",
					"@executable_path/Frameworks",
				);
				PRODUCT_BUNDLE_IDENTIFIER = MP.AccelerometerDemo;
				PRODUCT_NAME = "$(TARGET_NAME)";
				TARGETED_DEVICE_FAMILY = "1,2";
			};
			name = Release;
		};
/* End XCBuildConfiguration section */

/* Begin XCConfigurationList section */
		08BC0AC621655C3D003E44BE /* Build configuration list for PBXProject "AccelerometerDemo" */ = {
			isa = XCConfigurationList;
			buildConfigurations = (
				08BC0ADF21655C3E003E44BE /* Debug */,
				08BC0AE021655C3E003E44BE /* Release */,
			);
			defaultConfigurationIsVisible = 0;
			defaultConfigurationName = Release;
		};
		08BC0AE121655C3E003E44BE /* Build configuration list for PBXNativeTarget "AccelerometerDemo" */ = {
			isa = XCConfigurationList;
			buildConfigurations = (
				08BC0AE221655C3E003E44BE /* Debug */,
				08BC0AE321655C3E003E44BE /* Release */,
			);
			defaultConfigurationIsVisible = 0;
			defaultConfigurationName = Release;
		};
/* End XCConfigurationList section */
	};
	rootObject = 08BC0AC321655C3D003E44BE /* Project object */;
}
